{
  "pins" : [
    {
      "identity" : "propertywrappers",
      "kind" : "remoteSourceControl",
      "location" : "https://github.com/ShapovalovIlya/PropertyWrappers.git",
      "state" : {
        "branch" : "main",
        "revision" : "6cbe51adcd9b868532801b07d8d387e715c78ec1"
      }
    }
  ],
  "version" : 2
}
